
Microsoft Visual Studio Solution File, Format Version 12.00
# Visual Studio Version 17
VisualStudioVersion = 17.11.35222.181
MinimumVisualStudioVersion = 10.0.40219.1
Project("{FAE04EC0-301F-11D3-BF4B-00C04F79EFBC}") = "TestProgect24", "TestProgect24\TestProgect24.csproj", "{F6B2F3D2-258B-4762-868E-977C1C934EE7}"
EndProject
Global
	GlobalSection(SolutionConfigurationPlatforms) = preSolution
		Debug|Any CPU = Debug|Any CPU
		Release|Any CPU = Release|Any CPU
	EndGlobalSection
	GlobalSection(ProjectConfigurationPlatforms) = postSolution
		{F6B2F3D2-258B-4762-868E-977C1C934EE7}.Debug|Any CPU.ActiveCfg = Debug|Any CPU
		{F6B2F3D2-258B-4762-868E-977C1C934EE7}.Debug|Any CPU.Build.0 = Debug|Any CPU
		{F6B2F3D2-258B-4762-868E-977C1C934EE7}.Release|Any CPU.ActiveCfg = Release|Any CPU
		{F6B2F3D2-258B-4762-868E-977C1C934EE7}.Release|Any CPU.Build.0 = Release|Any CPU
	EndGlobalSection
	GlobalSection(SolutionProperties) = preSolution
		HideSolutionNode = FALSE
	EndGlobalSection
	GlobalSection(ExtensibilityGlobals) = postSolution
		SolutionGuid = {DB60B62E-CA1E-436C-AD2B-81BC262C7FB0}
	EndGlobalSection
EndGlobal
